PODS:
  - AFNetworking (2.6.3):
    - AFNetworking/NSURLConnection (= 2.6.3)
    - AFNetworking/NSURLSession (= 2.6.3)
    - AFNetworking/Reachability (= 2.6.3)
    - AFNetworking/Security (= 2.6.3)
    - AFNetworking/Serialization (= 2.6.3)
    - AFNetworking/UIKit (= 2.6.3)
  - AFNetworking/NSURLConnection (2.6.3):
    - AFNetworking/Reachability
    - AFNetworking/Security
    - AFNetworking/Serialization
  - AFNetworking/NSURLSession (2.6.3):
    - AFNetworking/Reachability
    - AFNetworking/Security
    - AFNetworking/Serialization
  - AFNetworking/Reachability (2.6.3)
  - AFNetworking/Security (2.6.3)
  - AFNetworking/Serialization (2.6.3)
  - AFNetworking/UIKit (2.6.3):
    - AFNetworking/NSURLConnection
    - AFNetworking/NSURLSession
  - AWSAutoScaling (2.3.6):
    - AWSCore (= 2.3.6)
  - AWSCloudWatch (2.3.6):
    - AWSCore (= 2.3.6)
  - AWSCognito (2.3.6):
    - AWSCore (= 2.3.6)
  - AWSCore (2.3.6)
  - AWSDynamoDB (2.3.6):
    - AWSCore (= 2.3.6)
  - AWSEC2 (2.3.6):
    - AWSCore (= 2.3.6)
  - AWSElasticLoadBalancing (2.3.6):
    - AWSCore (= 2.3.6)
  - AWSKinesis (2.3.6):
    - AWSCore (= 2.3.6)
  - AWSLambda (2.3.6):
    - AWSCore (= 2.3.6)
  - AWSMachineLearning (2.3.6):
    - AWSCore (= 2.3.6)
  - AWSMobileAnalytics (2.3.6):
    - AWSCore (= 2.3.6)
  - AWSS3 (2.3.6):
    - AWSCore (= 2.3.6)
  - AWSSES (2.3.6):
    - AWSCore (= 2.3.6)
  - AWSSimpleDB (2.3.6):
    - AWSCore (= 2.3.6)
  - AWSSNS (2.3.6):
    - AWSCore (= 2.3.6)
  - AWSSQS (2.3.6):
    - AWSCore (= 2.3.6)
  - Bolts (1.7.0):
    - Bolts/AppLinks (= 1.7.0)
    - Bolts/Tasks (= 1.7.0)
  - Bolts/AppLinks (1.7.0):
    - Bolts/Tasks
  - Bolts/Tasks (1.7.0)
  - FBSDKCoreKit (4.11.0):
    - Bolts (~> 1.7)
  - FBSDKLoginKit (4.11.0):
    - FBSDKCoreKit
  - FBSDKMessengerShareKit (1.3.2)
  - FBSDKShareKit (4.11.0):
    - FBSDKCoreKit
  - GoogleMaps (1.13.0)

DEPENDENCIES:
  - AFNetworking (~> 2.5)
  - AWSAutoScaling
  - AWSCloudWatch
  - AWSCognito
  - AWSCore
  - AWSDynamoDB
  - AWSEC2
  - AWSElasticLoadBalancing
  - AWSKinesis
  - AWSLambda
  - AWSMachineLearning
  - AWSMobileAnalytics
  - AWSS3
  - AWSSES
  - AWSSimpleDB
  - AWSSNS
  - AWSSQS
  - FBSDKCoreKit
  - FBSDKLoginKit
  - FBSDKMessengerShareKit
  - FBSDKShareKit
  - GoogleMaps

SPEC CHECKSUMS:
  AFNetworking: cb8d14a848e831097108418f5d49217339d4eb60
  AWSAutoScaling: 49d9f49984a82852511be4caa2a510f522cd8de1
  AWSCloudWatch: 45fb53f7b76b4d0260d54b3284fc30cb6c7ebdef
  AWSCognito: af54fe65171c7c994c134e5d29b1ee60ee234825
  AWSCore: 917d84b32974136194a905b98c0ae25c9f3350b8
  AWSDynamoDB: 0bfd95eb10363090d8570a48d5feb4e3d7ec5264
  AWSEC2: 42f0db0be7ded684b5d5ecf5aa444689fa2bc8ce
  AWSElasticLoadBalancing: b68b0bb0dce50cc4d1c193c53a42b5963fe78381
  AWSKinesis: 89c0042637c088ba54f2bb892d285693b44d93e8
  AWSLambda: 9882d7bf98d368fa7e0c98d0f6e15dbbd4eb0e26
  AWSMachineLearning: 97768294558e0586d98eb34acaf5fa5961b7b35a
  AWSMobileAnalytics: 56ce9e671640fbd702f8ce52b0f128e525f3e51c
  AWSS3: 1caaf6b45100503fecf3d418c394519a89409a74
  AWSSES: 8d33c48393d459c649cca781a4a4ae553379f846
  AWSSimpleDB: 0e4f2160b572be584baf8e2ef6ba257117f75114
  AWSSNS: 37c7f4c80657a621fbabccf7d0f352e3c018fbd0
  AWSSQS: aa53b836c21a10611120e8bf361feef54fd73ae1
  Bolts: a0058fa3b331c5a1e4402d534f2dae36dbff31e4
  FBSDKCoreKit: 686ac982723a14ec9ddb85e2f81235d7706c891b
  FBSDKLoginKit: bade9fc78277764149ccc5bfaadbf13c83175c6a
  FBSDKMessengerShareKit: 41c0b1a667d685c9433f993eb9611b3d5074e1cb
  FBSDKShareKit: 2d1746144cfc8a9dbbd24997c34ee0471be51b6a
  GoogleMaps: 7a6caeb8336d7cb42982e969fc9b1b20a889fe79

COCOAPODS: 0.39.0
